
Microsoft Visual Studio Solution File, Format Version 12.00
# Visual Studio 15
VisualStudioVersion = 15.0.26724.1
MinimumVisualStudioVersion = 10.0.40219.1
Project("{FAE04EC0-301F-11D3-BF4B-00C04F79EFBC}") = "OrderManagement", "OrderManagement\OrderManagement.csproj", "{D6603FFC-2E22-449F-BA7D-F0AE4D66BC00}"
EndProject
Global
	GlobalSection(SolutionConfigurationPlatforms) = preSolution
		Debug|Any CPU = Debug|Any CPU
		Release|Any CPU = Release|Any CPU
	EndGlobalSection
	GlobalSection(ProjectConfigurationPlatforms) = postSolution
		{D6603FFC-2E22-449F-BA7D-F0AE4D66BC00}.Debug|Any CPU.ActiveCfg = Debug|Any CPU
		{D6603FFC-2E22-449F-BA7D-F0AE4D66BC00}.Debug|Any CPU.Build.0 = Debug|Any CPU
		{D6603FFC-2E22-449F-BA7D-F0AE4D66BC00}.Release|Any CPU.ActiveCfg = Release|Any CPU
		{D6603FFC-2E22-449F-BA7D-F0AE4D66BC00}.Release|Any CPU.Build.0 = Release|Any CPU
	EndGlobalSection
	GlobalSection(SolutionProperties) = preSolution
		HideSolutionNode = FALSE
	EndGlobalSection
	GlobalSection(ExtensibilityGlobals) = postSolution
		SolutionGuid = {9E4F5145-D2FB-40AF-9DC1-574D72D2BC4A}
	EndGlobalSection
EndGlobal
